# This file is automatically @generated by Cargo.
# It is not intended for manual editing.
version = 4

[[package]]
name = "blood_types_s"
version = "0.1.0"

[[package]]
name = "brackets_matching"
version = "0.1.0"
dependencies = [
 "rand",
]

[[package]]
name = "car_rental"
version = "0.1.0"

[[package]]
name = "cfg-if"
version = "1.0.3"
source = "registry+https://github.com/rust-lang/crates.io-index"
checksum = "2fd1289c04a9ea8cb22300a459a72a385d7c73d3259e2ed7dcb2af674838cfa9"

[[package]]
name = "count_factorial_steps"
version = "0.1.0"

[[package]]
name = "counting_words"
version = "0.1.0"

[[package]]
name = "display_table"
version = "0.1.0"

[[package]]
name = "dress_code"
version = "0.1.0"

[[package]]
name = "filter_table"
version = "0.1.0"

[[package]]
name = "format_me"
version = "0.1.0"

[[package]]
name = "get_document_id"
version = "0.1.0"

[[package]]
name = "getrandom"
version = "0.2.16"
source = "registry+https://github.com/rust-lang/crates.io-index"
checksum = "335ff9f135e4384c8150d6f27c6daed433577f86b4750418338c01a1a2528592"
dependencies = [
 "cfg-if",
 "libc",
 "wasi",
]

[[package]]
name = "lib"
version = "0.1.0"

[[package]]
name = "libc"
version = "0.2.175"
source = "registry+https://github.com/rust-lang/crates.io-index"
checksum = "6a82ae493e598baaea5209805c49bbf2ea7de956d50d7da0da1164f9c6d28543"

[[package]]
name = "lucas_number"
version = "0.1.0"

[[package]]
name = "lunch_queue"
version = "0.1.0"

[[package]]
name = "matrix_determinant"
version = "0.1.0"

[[package]]
name = "matrix_display"
version = "0.1.0"
dependencies = [
 "lib",
]

[[package]]
name = "matrix_multiplication"
version = "0.1.0"

[[package]]
name = "modify_letter"
version = "0.1.0"

[[package]]
name = "moving_targets"
version = "0.1.0"

[[package]]
name = "negative_spelling"
version = "0.1.0"

[[package]]
name = "office_worker"
version = "0.1.0"

[[package]]
name = "partial_sums"
version = "0.1.0"

[[package]]
name = "ppv-lite86"
version = "0.2.21"
source = "registry+https://github.com/rust-lang/crates.io-index"
checksum = "85eae3c4ed2f50dcfe72643da4befc30deadb458a9b590d720cde2f2b1e97da9"
dependencies = [
 "zerocopy",
]

[[package]]
name = "previousprime"
version = "0.1.0"

[[package]]
name = "proc-macro2"
version = "1.0.101"
source = "registry+https://github.com/rust-lang/crates.io-index"
checksum = "89ae43fd86e4158d6db51ad8e2b80f313af9cc74f5c0e03ccb87de09998732de"
dependencies = [
 "unicode-ident",
]

[[package]]
name = "profanity_filter"
version = "0.1.0"

[[package]]
name = "quote"
version = "1.0.40"
source = "registry+https://github.com/rust-lang/crates.io-index"
checksum = "1885c039570dc00dcb4ff087a89e185fd56bae234ddc7f056a945bf36467248d"
dependencies = [
 "proc-macro2",
]

[[package]]
name = "rand"
version = "0.8.5"
source = "registry+https://github.com/rust-lang/crates.io-index"
checksum = "34af8d1a0e25924bc5b7c43c079c942339d8f0a8b57c39049bef581b46327404"
dependencies = [
 "libc",
 "rand_chacha",
 "rand_core",
]

[[package]]
name = "rand_chacha"
version = "0.3.1"
source = "registry+https://github.com/rust-lang/crates.io-index"
checksum = "e6c10a63a0fa32252be49d21e7709d4d4baf8d231c2dbce1eaa8141b9b127d88"
dependencies = [
 "ppv-lite86",
 "rand_core",
]

[[package]]
name = "rand_core"
version = "0.6.4"
source = "registry+https://github.com/rust-lang/crates.io-index"
checksum = "ec0be4795e2f6a28069bec0b5ff3e2ac9bafc99e6a9a7dc3547996c5c816922c"
dependencies = [
 "getrandom",
]

[[package]]
name = "reverse_it"
version = "0.1.0"

[[package]]
name = "rot21"
version = "0.1.0"

[[package]]
name = "rust-final-cp"
version = "0.1.0"
dependencies = [
 "blood_types_s",
 "car_rental",
 "count_factorial_steps",
 "counting_words",
 "display_table",
 "dress_code",
 "filter_table",
 "format_me",
 "get_document_id",
 "lib",
 "lucas_number",
 "lunch_queue",
 "matrix_determinant",
 "matrix_display",
 "matrix_multiplication",
 "modify_letter",
 "moving_targets",
 "negative_spelling",
 "office_worker",
 "partial_sums",
 "previousprime",
 "profanity_filter",
 "reverse_it",
 "rot21",
 "smallest",
]

[[package]]
name = "smallest"
version = "0.1.0"

[[package]]
name = "syn"
version = "2.0.106"
source = "registry+https://github.com/rust-lang/crates.io-index"
checksum = "ede7c438028d4436d71104916910f5bb611972c5cfd7f89b8300a8186e6fada6"
dependencies = [
 "proc-macro2",
 "quote",
 "unicode-ident",
]

[[package]]
name = "unicode-ident"
version = "1.0.18"
source = "registry+https://github.com/rust-lang/crates.io-index"
checksum = "5a5f39404a5da50712a4c1eecf25e90dd62b613502b7e925fd4e4d19b5c96512"

[[package]]
name = "wasi"
version = "0.11.1+wasi-snapshot-preview1"
source = "registry+https://github.com/rust-lang/crates.io-index"
checksum = "ccf3ec651a847eb01de73ccad15eb7d99f80485de043efb2f370cd654f4ea44b"

[[package]]
name = "zerocopy"
version = "0.8.27"
source = "registry+https://github.com/rust-lang/crates.io-index"
checksum = "0894878a5fa3edfd6da3f88c4805f4c8558e2b996227a3d864f47fe11e38282c"
dependencies = [
 "zerocopy-derive",
]

[[package]]
name = "zerocopy-derive"
version = "0.8.27"
source = "registry+https://github.com/rust-lang/crates.io-index"
checksum = "88d2b8d9c68ad2b9e4340d7832716a4d21a22a1154777ad56ea55c51a9cf3831"
dependencies = [
 "proc-macro2",
 "quote",
 "syn",
]
