# This file is automatically @generated by Cargo.
# It is not intended for manual editing.
version = 4

[[package]]
name = "blood_types_s"
version = "0.1.0"

[[package]]
name = "car_rental"
version = "0.1.0"

[[package]]
name = "count_factorial_steps"
version = "0.1.0"

[[package]]
name = "counting_words"
version = "0.1.0"

[[package]]
name = "display_table"
version = "0.1.0"

[[package]]
name = "dress_code"
version = "0.1.0"

[[package]]
name = "filter_table"
version = "0.1.0"

[[package]]
name = "format_me"
version = "0.1.0"

[[package]]
name = "get_document_id"
version = "0.1.0"

[[package]]
name = "lib"
version = "0.1.0"

[[package]]
name = "lucas_number"
version = "0.1.0"

[[package]]
name = "lunch_queue"
version = "0.1.0"

[[package]]
name = "matrix_determinant"
version = "0.1.0"

[[package]]
name = "matrix_display"
version = "0.1.0"
dependencies = [
 "lib",
]

[[package]]
name = "matrix_multiplication"
version = "0.1.0"

[[package]]
name = "modify_letter"
version = "0.1.0"

[[package]]
name = "moving_targets"
version = "0.1.0"

[[package]]
name = "negative_spelling"
version = "0.1.0"

[[package]]
name = "office_worker"
version = "0.1.0"

[[package]]
name = "partial_sums"
version = "0.1.0"

[[package]]
name = "previousprime"
version = "0.1.0"

[[package]]
name = "profanity_filter"
version = "0.1.0"

[[package]]
name = "reverse_it"
version = "0.1.0"

[[package]]
name = "rot21"
version = "0.1.0"

[[package]]
name = "rust-final-cp"
version = "0.1.0"
dependencies = [
 "blood_types_s",
 "car_rental",
 "count_factorial_steps",
 "counting_words",
 "display_table",
 "dress_code",
 "filter_table",
 "format_me",
 "get_document_id",
 "lib",
 "lucas_number",
 "lunch_queue",
 "matrix_determinant",
 "matrix_display",
 "matrix_multiplication",
 "modify_letter",
 "moving_targets",
 "negative_spelling",
 "office_worker",
 "partial_sums",
 "previousprime",
 "profanity_filter",
 "reverse_it",
 "rot21",
 "smallest",
]

[[package]]
name = "smallest"
version = "0.1.0"
